{
  "nodes": {
    "cloudflareZlib": {
      "flake": false,
      "locked": {
        "lastModified": 1682701953,
        "narHash": "sha256-KNS1FDznR2UaXo0WBOUh4lnVY23Kc9JnNyVtYzSpWDw=",
        "owner": "cloudflare",
        "repo": "zlib",
        "rev": "d20bdfcd0efbdd72cb9d857e098ceac1bad41432",
        "type": "github"
      },
      "original": {
        "owner": "cloudflare",
        "repo": "zlib",
        "type": "github"
      }
    },
    "nixpkgs": {
      "locked": {
        "lastModified": 1690875999,
        "narHash": "sha256-JCkJfcZL1qs24L+Fv6OyFW4wTE6+NCg9I8nDf6npP+A=",
        "owner": "nixos",
        "repo": "nixpkgs",
        "rev": "356c6dcdf37cfb4162f534e5dcabadddbfbd6bfa",
        "type": "github"
      },
      "original": {
        "owner": "nixos",
        "repo": "nixpkgs",
        "type": "github"
      }
    },
    "root": {
      "inputs": {
        "cloudflareZlib": "cloudflareZlib",
        "nixpkgs": "nixpkgs"
      }
    }
  },
  "root": "root",
  "version": 7
}
